
Microsoft Visual Studio Solution File, Format Version 12.00
# Visual Studio Version 17
VisualStudioVersion = 17.14.37411.7 d17.14
MinimumVisualStudioVersion = 10.0.40219.1
Project("{FAE04EC0-301F-11D3-BF4B-00C04F79EFBC}") = "TestingDemo", "TestingDemo\TestingDemo.csproj", "{13C94E2A-94F1-4E33-884E-E6761063F38E}"
EndProject
Global
	GlobalSection(SolutionConfigurationPlatforms) = preSolution
		Debug|Any CPU = Debug|Any CPU
		Release|Any CPU = Release|Any CPU
	EndGlobalSection
	GlobalSection(ProjectConfigurationPlatforms) = postSolution
		{13C94E2A-94F1-4E33-884E-E6761063F38E}.Debug|Any CPU.ActiveCfg = Debug|Any CPU
		{13C94E2A-94F1-4E33-884E-E6761063F38E}.Debug|Any CPU.Build.0 = Debug|Any CPU
		{13C94E2A-94F1-4E33-884E-E6761063F38E}.Release|Any CPU.ActiveCfg = Release|Any CPU
		{13C94E2A-94F1-4E33-884E-E6761063F38E}.Release|Any CPU.Build.0 = Release|Any CPU
	EndGlobalSection
	GlobalSection(SolutionProperties) = preSolution
		HideSolutionNode = FALSE
	EndGlobalSection
	GlobalSection(ExtensibilityGlobals) = postSolution
		SolutionGuid = {B39E6D20-BA09-4653-8BF4-D654B0A207AA}
	EndGlobalSection
EndGlobal
